
Microsoft Visual Studio Solution File, Format Version 12.00
# Visual Studio Version 17
VisualStudioVersion = 17.0.31912.275
MinimumVisualStudioVersion = 10.0.40219.1
Project("{FAE04EC0-301F-11D3-BF4B-00C04F79EFBC}") = "CSharpDemoCodes", "CSharpDemoCodes.csproj", "{668494D3-5E92-42FB-A417-A454A08F861B}"
EndProject
Global
	GlobalSection(SolutionConfigurationPlatforms) = preSolution
		Debug|Any CPU = Debug|Any CPU
		Release|Any CPU = Release|Any CPU
	EndGlobalSection
	GlobalSection(ProjectConfigurationPlatforms) = postSolution
		{668494D3-5E92-42FB-A417-A454A08F861B}.Debug|Any CPU.ActiveCfg = Debug|Any CPU
		{668494D3-5E92-42FB-A417-A454A08F861B}.Debug|Any CPU.Build.0 = Debug|Any CPU
		{668494D3-5E92-42FB-A417-A454A08F861B}.Release|Any CPU.ActiveCfg = Release|Any CPU
		{668494D3-5E92-42FB-A417-A454A08F861B}.Release|Any CPU.Build.0 = Release|Any CPU
	EndGlobalSection
	GlobalSection(SolutionProperties) = preSolution
		HideSolutionNode = FALSE
	EndGlobalSection
	GlobalSection(ExtensibilityGlobals) = postSolution
		SolutionGuid = {663620C0-D3FD-4A0C-B2F4-6ACC53250355}
	EndGlobalSection
EndGlobal
